
Microsoft Visual Studio Solution File, Format Version 12.00
# Visual Studio 15
VisualStudioVersion = 15.0.28307.1169
MinimumVisualStudioVersion = 10.0.40219.1
Project("{9A19103F-16F7-4668-BE54-9A1E7A4F7556}") = "AtencionClinica", "AtencionClinica.csproj", "{7CF6E4BD-82E7-4E7B-92E8-D536766B6C22}"
EndProject
Global
	GlobalSection(SolutionConfigurationPlatforms) = preSolution
		Debug|Any CPU = Debug|Any CPU
		Release|Any CPU = Release|Any CPU
	EndGlobalSection
	GlobalSection(ProjectConfigurationPlatforms) = postSolution
		{7CF6E4BD-82E7-4E7B-92E8-D536766B6C22}.Debug|Any CPU.ActiveCfg = Debug|Any CPU
		{7CF6E4BD-82E7-4E7B-92E8-D536766B6C22}.Debug|Any CPU.Build.0 = Debug|Any CPU
		{7CF6E4BD-82E7-4E7B-92E8-D536766B6C22}.Release|Any CPU.ActiveCfg = Release|Any CPU
		{7CF6E4BD-82E7-4E7B-92E8-D536766B6C22}.Release|Any CPU.Build.0 = Release|Any CPU
	EndGlobalSection
	GlobalSection(SolutionProperties) = preSolution
		HideSolutionNode = FALSE
	EndGlobalSection
	GlobalSection(ExtensibilityGlobals) = postSolution
		SolutionGuid = {CFE74A15-33C0-491E-813A-BA7DA64C7651}
	EndGlobalSection
EndGlobal
